// !$*UTF8*$!
{
	archiveVersion = 1;
	classes = {
	};
	objectVersion = 55;
	objects = {

/* Begin PBXBuildFile section */
		672A493F28F6A70700516FAD /* iOS_Meetup_2022_10_20App.swift in Sources */ = {isa = PBXBuildFile; fileRef = 672A493E28F6A70700516FAD /* iOS_Meetup_2022_10_20App.swift */; };
		672A494128F6A70700516FAD /* ContentView.swift in Sources */ = {isa = PBXBuildFile; fileRef = 672A494028F6A70700516FAD /* ContentView.swift */; };
		672A494328F6A71000516FAD /* Assets.xcassets in Resources */ = {isa = PBXBuildFile; fileRef = 672A494228F6A71000516FAD /* Assets.xcassets */; };
		672A494628F6A71000516FAD /* Preview Assets.xcassets in Resources */ = {isa = PBXBuildFile; fileRef = 672A494528F6A71000516FAD /* Preview Assets.xcassets */; };
		6738FEEA28F6B13D00F65CBC /* SampleItem.swift in Sources */ = {isa = PBXBuildFile; fileRef = 6738FEE928F6B13D00F65CBC /* SampleItem.swift */; };
		6738FEED28F6BB2E00F65CBC /* SwiftUIView.swift in Sources */ = {isa = PBXBuildFile; fileRef = 6738FEEC28F6BB2E00F65CBC /* SwiftUIView.swift */; };
		6738FEF028F6C07200F65CBC /* Storyboard1View.swift in Sources */ = {isa = PBXBuildFile; fileRef = 6738FEEF28F6C07200F65CBC /* Storyboard1View.swift */; };
		6738FEF228F6C0B500F65CBC /* Storyboard1.storyboard in Resources */ = {isa = PBXBuildFile; fileRef = 6738FEF128F6C0B500F65CBC /* Storyboard1.storyboard */; };
		6738FEF628F6C27A00F65CBC /* Storyboard1ViewController.swift in Sources */ = {isa = PBXBuildFile; fileRef = 6738FEF528F6C27A00F65CBC /* Storyboard1ViewController.swift */; };
		6738FEF928F7BD0A00F65CBC /* Localizable.strings in Resources */ = {isa = PBXBuildFile; fileRef = 6738FEFB28F7BD0A00F65CBC /* Localizable.strings */; };
		67674F4128F93A12000F6821 /* Storyboard2View.swift in Sources */ = {isa = PBXBuildFile; fileRef = 67674F4028F93A12000F6821 /* Storyboard2View.swift */; };
		67674F4328F93AC3000F6821 /* Storyboard2.storyboard in Resources */ = {isa = PBXBuildFile; fileRef = 67674F4228F93AC3000F6821 /* Storyboard2.storyboard */; };
		67674F4528F93AE4000F6821 /* Storyboard2ViewController.swift in Sources */ = {isa = PBXBuildFile; fileRef = 67674F4428F93AE4000F6821 /* Storyboard2ViewController.swift */; };
		67674F4828F94661000F6821 /* Storyboard3View.swift in Sources */ = {isa = PBXBuildFile; fileRef = 67674F4728F94661000F6821 /* Storyboard3View.swift */; };
		67674F4A28F94681000F6821 /* Storyboard3ViewController.swift in Sources */ = {isa = PBXBuildFile; fileRef = 67674F4928F94681000F6821 /* Storyboard3ViewController.swift */; };
		67674F4D28F96784000F6821 /* Storyboard3.storyboard in Resources */ = {isa = PBXBuildFile; fileRef = 67674F4F28F96784000F6821 /* Storyboard3.storyboard */; };
/* End PBXBuildFile section */

/* Begin PBXFileReference section */
		672A493B28F6A70700516FAD /* iOS Meetup 2022-10-20.app */ = {isa = PBXFileReference; explicitFileType = wrapper.application; includeInIndex = 0; path = "iOS Meetup 2022-10-20.app"; sourceTree = BUILT_PRODUCTS_DIR; };
		672A493E28F6A70700516FAD /* iOS_Meetup_2022_10_20App.swift */ = {isa = PBXFileReference; lastKnownFileType = sourcecode.swift; path = iOS_Meetup_2022_10_20App.swift; sourceTree = "<group>"; };
		672A494028F6A70700516FAD /* ContentView.swift */ = {isa = PBXFileReference; lastKnownFileType = sourcecode.swift; path = ContentView.swift; sourceTree = "<group>"; };
		672A494228F6A71000516FAD /* Assets.xcassets */ = {isa = PBXFileReference; lastKnownFileType = folder.assetcatalog; path = Assets.xcassets; sourceTree = "<group>"; };
		672A494528F6A71000516FAD /* Preview Assets.xcassets */ = {isa = PBXFileReference; lastKnownFileType = folder.assetcatalog; path = "Preview Assets.xcassets"; sourceTree = "<group>"; };
		6738FEE928F6B13D00F65CBC /* SampleItem.swift */ = {isa = PBXFileReference; lastKnownFileType = sourcecode.swift; path = SampleItem.swift; sourceTree = "<group>"; };
		6738FEEC28F6BB2E00F65CBC /* SwiftUIView.swift */ = {isa = PBXFileReference; lastKnownFileType = sourcecode.swift; path = SwiftUIView.swift; sourceTree = "<group>"; };
		6738FEEF28F6C07200F65CBC /* Storyboard1View.swift */ = {isa = PBXFileReference; lastKnownFileType = sourcecode.swift; path = Storyboard1View.swift; sourceTree = "<group>"; };
		6738FEF128F6C0B500F65CBC /* Storyboard1.storyboard */ = {isa = PBXFileReference; lastKnownFileType = file.storyboard; path = Storyboard1.storyboard; sourceTree = "<group>"; };
		6738FEF528F6C27A00F65CBC /* Storyboard1ViewController.swift */ = {isa = PBXFileReference; lastKnownFileType = sourcecode.swift; path = Storyboard1ViewController.swift; sourceTree = "<group>"; };
		6738FEFA28F7BD0A00F65CBC /* en */ = {isa = PBXFileReference; lastKnownFileType = text.plist.strings; name = en; path = en.lproj/Localizable.strings; sourceTree = "<group>"; };
		6738FEFC28F7BD0D00F65CBC /* ja */ = {isa = PBXFileReference; lastKnownFileType = text.plist.strings; name = ja; path = ja.lproj/Localizable.strings; sourceTree = "<group>"; };
		67674F4028F93A12000F6821 /* Storyboard2View.swift */ = {isa = PBXFileReference; lastKnownFileType = sourcecode.swift; path = Storyboard2View.swift; sourceTree = "<group>"; };
		67674F4228F93AC3000F6821 /* Storyboard2.storyboard */ = {isa = PBXFileReference; lastKnownFileType = file.storyboard; path = Storyboard2.storyboard; sourceTree = "<group>"; };
		67674F4428F93AE4000F6821 /* Storyboard2ViewController.swift */ = {isa = PBXFileReference; lastKnownFileType = sourcecode.swift; path = Storyboard2ViewController.swift; sourceTree = "<group>"; };
		67674F4728F94661000F6821 /* Storyboard3View.swift */ = {isa = PBXFileReference; lastKnownFileType = sourcecode.swift; path = Storyboard3View.swift; sourceTree = "<group>"; };
		67674F4928F94681000F6821 /* Storyboard3ViewController.swift */ = {isa = PBXFileReference; lastKnownFileType = sourcecode.swift; path = Storyboard3ViewController.swift; sourceTree = "<group>"; };
		67674F4E28F96784000F6821 /* Base */ = {isa = PBXFileReference; lastKnownFileType = file.storyboard; name = Base; path = Base.lproj/Storyboard3.storyboard; sourceTree = "<group>"; };
		67674F5128F96789000F6821 /* en */ = {isa = PBXFileReference; lastKnownFileType = text.plist.strings; name = en; path = en.lproj/Storyboard3.strings; sourceTree = "<group>"; };
		67674F5328F967B9000F6821 /* ja */ = {isa = PBXFileReference; lastKnownFileType = text.plist.strings; name = ja; path = ja.lproj/Storyboard3.strings; sourceTree = "<group>"; };
/* End PBXFileReference section */

/* Begin PBXFrameworksBuildPhase section */
		672A493828F6A70700516FAD /* Frameworks */ = {
			isa = PBXFrameworksBuildPhase;
			buildActionMask = 2147483647;
			files = (
			);
			runOnlyForDeploymentPostprocessing = 0;
		};
/* End PBXFrameworksBuildPhase section */

/* Begin PBXGroup section */
		672A493228F6A70700516FAD = {
			isa = PBXGroup;
			children = (
				672A493D28F6A70700516FAD /* iOS Meetup 2022-10-20 */,
				672A493C28F6A70700516FAD /* Products */,
			);
			sourceTree = "<group>";
		};
		672A493C28F6A70700516FAD /* Products */ = {
			isa = PBXGroup;
			children = (
				672A493B28F6A70700516FAD /* iOS Meetup 2022-10-20.app */,
			);
			name = Products;
			sourceTree = "<group>";
		};
		672A493D28F6A70700516FAD /* iOS Meetup 2022-10-20 */ = {
			isa = PBXGroup;
			children = (
				672A493E28F6A70700516FAD /* iOS_Meetup_2022_10_20App.swift */,
				672A494028F6A70700516FAD /* ContentView.swift */,
				6738FEE928F6B13D00F65CBC /* SampleItem.swift */,
				6738FEEB28F6BB0D00F65CBC /* SwiftUIView */,
				6738FEEE28F6BDF900F65CBC /* Storyboard1 */,
				67674F3F28F939DA000F6821 /* Storyboard2 */,
				67674F4628F943F8000F6821 /* Storyboard3 */,
				672A494228F6A71000516FAD /* Assets.xcassets */,
				672A494428F6A71000516FAD /* Preview Content */,
				6738FEFB28F7BD0A00F65CBC /* Localizable.strings */,
			);
			path = "iOS Meetup 2022-10-20";
			sourceTree = "<group>";
		};
		672A494428F6A71000516FAD /* Preview Content */ = {
			isa = PBXGroup;
			children = (
				672A494528F6A71000516FAD /* Preview Assets.xcassets */,
			);
			path = "Preview Content";
			sourceTree = "<group>";
		};
		6738FEEB28F6BB0D00F65CBC /* SwiftUIView */ = {
			isa = PBXGroup;
			children = (
				6738FEEC28F6BB2E00F65CBC /* SwiftUIView.swift */,
			);
			path = SwiftUIView;
			sourceTree = "<group>";
		};
		6738FEEE28F6BDF900F65CBC /* Storyboard1 */ = {
			isa = PBXGroup;
			children = (
				6738FEEF28F6C07200F65CBC /* Storyboard1View.swift */,
				6738FEF528F6C27A00F65CBC /* Storyboard1ViewController.swift */,
				6738FEF128F6C0B500F65CBC /* Storyboard1.storyboard */,
			);
			path = Storyboard1;
			sourceTree = "<group>";
		};
		67674F3F28F939DA000F6821 /* Storyboard2 */ = {
			isa = PBXGroup;
			children = (
				67674F4028F93A12000F6821 /* Storyboard2View.swift */,
				67674F4428F93AE4000F6821 /* Storyboard2ViewController.swift */,
				67674F4228F93AC3000F6821 /* Storyboard2.storyboard */,
			);
			path = Storyboard2;
			sourceTree = "<group>";
		};
		67674F4628F943F8000F6821 /* Storyboard3 */ = {
			isa = PBXGroup;
			children = (
				67674F4728F94661000F6821 /* Storyboard3View.swift */,
				67674F4928F94681000F6821 /* Storyboard3ViewController.swift */,
				67674F4F28F96784000F6821 /* Storyboard3.storyboard */,
			);
			path = Storyboard3;
			sourceTree = "<group>";
		};
/* End PBXGroup section */

/* Begin PBXNativeTarget section */
		672A493A28F6A70700516FAD /* iOS Meetup 2022-10-20 */ = {
			isa = PBXNativeTarget;
			buildConfigurationList = 672A494928F6A71000516FAD /* Build configuration list for PBXNativeTarget "iOS Meetup 2022-10-20" */;
			buildPhases = (
				672A493728F6A70700516FAD /* Sources */,
				672A493828F6A70700516FAD /* Frameworks */,
				672A493928F6A70700516FAD /* Resources */,
			);
			buildRules = (
			);
			dependencies = (
			);
			name = "iOS Meetup 2022-10-20";
			productName = "iOS Meetup 2022-10-20";
			productReference = 672A493B28F6A70700516FAD /* iOS Meetup 2022-10-20.app */;
			productType = "com.apple.product-type.application";
		};
/* End PBXNativeTarget section */

/* Begin PBXProject section */
		672A493328F6A70700516FAD /* Project object */ = {
			isa = PBXProject;
			attributes = {
				BuildIndependentTargetsInParallel = 1;
				LastSwiftUpdateCheck = 1340;
				LastUpgradeCheck = 1340;
				TargetAttributes = {
					672A493A28F6A70700516FAD = {
						CreatedOnToolsVersion = 13.4.1;
					};
				};
			};
			buildConfigurationList = 672A493628F6A70700516FAD /* Build configuration list for PBXProject "iOS Meetup 2022-10-20" */;
			compatibilityVersion = "Xcode 13.0";
			developmentRegion = en;
			hasScannedForEncodings = 0;
			knownRegions = (
				en,
				Base,
				ja,
			);
			mainGroup = 672A493228F6A70700516FAD;
			productRefGroup = 672A493C28F6A70700516FAD /* Products */;
			projectDirPath = "";
			projectRoot = "";
			targets = (
				672A493A28F6A70700516FAD /* iOS Meetup 2022-10-20 */,
			);
		};
/* End PBXProject section */

/* Begin PBXResourcesBuildPhase section */
		672A493928F6A70700516FAD /* Resources */ = {
			isa = PBXResourcesBuildPhase;
			buildActionMask = 2147483647;
			files = (
				6738FEF228F6C0B500F65CBC /* Storyboard1.storyboard in Resources */,
				67674F4D28F96784000F6821 /* Storyboard3.storyboard in Resources */,
				6738FEF928F7BD0A00F65CBC /* Localizable.strings in Resources */,
				672A494628F6A71000516FAD /* Preview Assets.xcassets in Resources */,
				672A494328F6A71000516FAD /* Assets.xcassets in Resources */,
				67674F4328F93AC3000F6821 /* Storyboard2.storyboard in Resources */,
			);
			runOnlyForDeploymentPostprocessing = 0;
		};
/* End PBXResourcesBuildPhase section */

/* Begin PBXSourcesBuildPhase section */
		672A493728F6A70700516FAD /* Sources */ = {
			isa = PBXSourcesBuildPhase;
			buildActionMask = 2147483647;
			files = (
				6738FEEA28F6B13D00F65CBC /* SampleItem.swift in Sources */,
				672A494128F6A70700516FAD /* ContentView.swift in Sources */,
				67674F4128F93A12000F6821 /* Storyboard2View.swift in Sources */,
				6738FEED28F6BB2E00F65CBC /* SwiftUIView.swift in Sources */,
				67674F4528F93AE4000F6821 /* Storyboard2ViewController.swift in Sources */,
				67674F4828F94661000F6821 /* Storyboard3View.swift in Sources */,
				6738FEF028F6C07200F65CBC /* Storyboard1View.swift in Sources */,
				67674F4A28F94681000F6821 /* Storyboard3ViewController.swift in Sources */,
				672A493F28F6A70700516FAD /* iOS_Meetup_2022_10_20App.swift in Sources */,
				6738FEF628F6C27A00F65CBC /* Storyboard1ViewController.swift in Sources */,
			);
			runOnlyForDeploymentPostprocessing = 0;
		};
/* End PBXSourcesBuildPhase section */

/* Begin PBXVariantGroup section */
		6738FEFB28F7BD0A00F65CBC /* Localizable.strings */ = {
			isa = PBXVariantGroup;
			children = (
				6738FEFA28F7BD0A00F65CBC /* en */,
				6738FEFC28F7BD0D00F65CBC /* ja */,
			);
			name = Localizable.strings;
			sourceTree = "<group>";
		};
		67674F4F28F96784000F6821 /* Storyboard3.storyboard */ = {
			isa = PBXVariantGroup;
			children = (
				67674F4E28F96784000F6821 /* Base */,
				67674F5128F96789000F6821 /* en */,
				67674F5328F967B9000F6821 /* ja */,
			);
			name = Storyboard3.storyboard;
			sourceTree = "<group>";
		};
/* End PBXVariantGroup section */

/* Begin XCBuildConfiguration section */
		672A494728F6A71000516FAD /* Debug */ = {
			isa = XCBuildConfiguration;
			buildSettings = {
				ALWAYS_SEARCH_USER_PATHS = NO;
				CLANG_ANALYZER_NONNULL = YES;
				CLANG_ANALYZER_NUMBER_OBJECT_CONVERSION = YES_AGGRESSIVE;
				CLANG_CXX_LANGUAGE_STANDARD = "gnu++17";
				CLANG_ENABLE_MODULES = YES;
				CLANG_ENABLE_OBJC_ARC = YES;
				CLANG_ENABLE_OBJC_WEAK = YES;
				CLANG_WARN_BLOCK_CAPTURE_AUTORELEASING = YES;
				CLANG_WARN_BOOL_CONVERSION = YES;
				CLANG_WARN_COMMA = YES;
				CLANG_WARN_CONSTANT_CONVERSION = YES;
				CLANG_WARN_DEPRECATED_OBJC_IMPLEMENTATIONS = YES;
				CLANG_WARN_DIRECT_OBJC_ISA_USAGE = YES_ERROR;
				CLANG_WARN_DOCUMENTATION_COMMENTS = YES;
				CLANG_WARN_EMPTY_BODY = YES;
				CLANG_WARN_ENUM_CONVERSION = YES;
				CLANG_WARN_INFINITE_RECURSION = YES;
				CLANG_WARN_INT_CONVERSION = YES;
				CLANG_WARN_NON_LITERAL_NULL_CONVERSION = YES;
				CLANG_WARN_OBJC_IMPLICIT_RETAIN_SELF = YES;
				CLANG_WARN_OBJC_LITERAL_CONVERSION = YES;
				CLANG_WARN_OBJC_ROOT_CLASS = YES_ERROR;
				CLANG_WARN_QUOTED_INCLUDE_IN_FRAMEWORK_HEADER = YES;
				CLANG_WARN_RANGE_LOOP_ANALYSIS = YES;
				CLANG_WARN_STRICT_PROTOTYPES = YES;
				CLANG_WARN_SUSPICIOUS_MOVE = YES;
				CLANG_WARN_UNGUARDED_AVAILABILITY = YES_AGGRESSIVE;
				CLANG_WARN_UNREACHABLE_CODE = YES;
				CLANG_WARN__DUPLICATE_METHOD_MATCH = YES;
				COPY_PHASE_STRIP = NO;
				DEBUG_INFORMATION_FORMAT = dwarf;
				ENABLE_STRICT_OBJC_MSGSEND = YES;
				ENABLE_TESTABILITY = YES;
				GCC_C_LANGUAGE_STANDARD = gnu11;
				GCC_DYNAMIC_NO_PIC = NO;
				GCC_NO_COMMON_BLOCKS = YES;
				GCC_OPTIMIZATION_LEVEL = 0;
				GCC_PREPROCESSOR_DEFINITIONS = (
					"DEBUG=1",
					"$(inherited)",
				);
				GCC_WARN_64_TO_32_BIT_CONVERSION = YES;
				GCC_WARN_ABOUT_RETURN_TYPE = YES_ERROR;
				GCC_WARN_UNDECLARED_SELECTOR = YES;
				GCC_WARN_UNINITIALIZED_AUTOS = YES_AGGRESSIVE;
				GCC_WARN_UNUSED_FUNCTION = YES;
				GCC_WARN_UNUSED_VARIABLE = YES;
				IPHONEOS_DEPLOYMENT_TARGET = 15.5;
				MTL_ENABLE_DEBUG_INFO = INCLUDE_SOURCE;
				MTL_FAST_MATH = YES;
				ONLY_ACTIVE_ARCH = YES;
				SDKROOT = iphoneos;
				SWIFT_ACTIVE_COMPILATION_CONDITIONS = DEBUG;
				SWIFT_OPTIMIZATION_LEVEL = "-Onone";
			};
			name = Debug;
		};
		672A494828F6A71000516FAD /* Release */ = {
			isa = XCBuildConfiguration;
			buildSettings = {
				ALWAYS_SEARCH_USER_PATHS = NO;
				CLANG_ANALYZER_NONNULL = YES;
				CLANG_ANALYZER_NUMBER_OBJECT_CONVERSION = YES_AGGRESSIVE;
				CLANG_CXX_LANGUAGE_STANDARD = "gnu++17";
				CLANG_ENABLE_MODULES = YES;
				CLANG_ENABLE_OBJC_ARC = YES;
				CLANG_ENABLE_OBJC_WEAK = YES;
				CLANG_WARN_BLOCK_CAPTURE_AUTORELEASING = YES;
				CLANG_WARN_BOOL_CONVERSION = YES;
				CLANG_WARN_COMMA = YES;
				CLANG_WARN_CONSTANT_CONVERSION = YES;
				CLANG_WARN_DEPRECATED_OBJC_IMPLEMENTATIONS = YES;
				CLANG_WARN_DIRECT_OBJC_ISA_USAGE = YES_ERROR;
				CLANG_WARN_DOCUMENTATION_COMMENTS = YES;
				CLANG_WARN_EMPTY_BODY = YES;
				CLANG_WARN_ENUM_CONVERSION = YES;
				CLANG_WARN_INFINITE_RECURSION = YES;
				CLANG_WARN_INT_CONVERSION = YES;
				CLANG_WARN_NON_LITERAL_NULL_CONVERSION = YES;
				CLANG_WARN_OBJC_IMPLICIT_RETAIN_SELF = YES;
				CLANG_WARN_OBJC_LITERAL_CONVERSION = YES;
				CLANG_WARN_OBJC_ROOT_CLASS = YES_ERROR;
				CLANG_WARN_QUOTED_INCLUDE_IN_FRAMEWORK_HEADER = YES;
				CLANG_WARN_RANGE_LOOP_ANALYSIS = YES;
				CLANG_WARN_STRICT_PROTOTYPES = YES;
				CLANG_WARN_SUSPICIOUS_MOVE = YES;
				CLANG_WARN_UNGUARDED_AVAILABILITY = YES_AGGRESSIVE;
				CLANG_WARN_UNREACHABLE_CODE = YES;
				CLANG_WARN__DUPLICATE_METHOD_MATCH = YES;
				COPY_PHASE_STRIP = NO;
				DEBUG_INFORMATION_FORMAT = "dwarf-with-dsym";
				ENABLE_NS_ASSERTIONS = NO;
				ENABLE_STRICT_OBJC_MSGSEND = YES;
				GCC_C_LANGUAGE_STANDARD = gnu11;
				GCC_NO_COMMON_BLOCKS = YES;
				GCC_WARN_64_TO_32_BIT_CONVERSION = YES;
				GCC_WARN_ABOUT_RETURN_TYPE = YES_ERROR;
				GCC_WARN_UNDECLARED_SELECTOR = YES;
				GCC_WARN_UNINITIALIZED_AUTOS = YES_AGGRESSIVE;
				GCC_WARN_UNUSED_FUNCTION = YES;
				GCC_WARN_UNUSED_VARIABLE = YES;
				IPHONEOS_DEPLOYMENT_TARGET = 15.5;
				MTL_ENABLE_DEBUG_INFO = NO;
				MTL_FAST_MATH = YES;
				SDKROOT = iphoneos;
				SWIFT_COMPILATION_MODE = wholemodule;
				SWIFT_OPTIMIZATION_LEVEL = "-O";
				VALIDATE_PRODUCT = YES;
			};
			name = Release;
		};
		672A494A28F6A71000516FAD /* Debug */ = {
			isa = XCBuildConfiguration;
			buildSettings = {
				ASSETCATALOG_COMPILER_APPICON_NAME = AppIcon;
				ASSETCATALOG_COMPILER_GLOBAL_ACCENT_COLOR_NAME = AccentColor;
				CODE_SIGN_STYLE = Automatic;
				CURRENT_PROJECT_VERSION = 1;
				DEVELOPMENT_ASSET_PATHS = "\"iOS Meetup 2022-10-20/Preview Content\"";
				DEVELOPMENT_TEAM = H34A3H2Y54;
				ENABLE_PREVIEWS = YES;
				GENERATE_INFOPLIST_FILE = YES;
				INFOPLIST_KEY_UIApplicationSceneManifest_Generation = YES;
				INFOPLIST_KEY_UIApplicationSupportsIndirectInputEvents = YES;
				INFOPLIST_KEY_UILaunchScreen_Generation = YES;
				INFOPLIST_KEY_UISupportedInterfaceOrientations_iPad = "UIInterfaceOrientationPortrait UIInterfaceOrientationPortraitUpsideDown UIInterfaceOrientationLandscapeLeft UIInterfaceOrientationLandscapeRight";
				INFOPLIST_KEY_UISupportedInterfaceOrientations_iPhone = "UIInterfaceOrientationPortrait UIInterfaceOrientationLandscapeLeft UIInterfaceOrientationLandscapeRight";
				LD_RUNPATH_SEARCH_PATHS = (
					"$(inherited)",
					"@executable_path/Frameworks",
				);
				MARKETING_VERSION = 1.0;
				PRODUCT_BUNDLE_IDENTIFIER = "com.chatwork.iOS-Meetup-2022-10-20";
				PRODUCT_NAME = "$(TARGET_NAME)";
				SWIFT_EMIT_LOC_STRINGS = YES;
				SWIFT_VERSION = 5.0;
				TARGETED_DEVICE_FAMILY = "1,2";
			};
			name = Debug;
		};
		672A494B28F6A71000516FAD /* Release */ = {
			isa = XCBuildConfiguration;
			buildSettings = {
				ASSETCATALOG_COMPILER_APPICON_NAME = AppIcon;
				ASSETCATALOG_COMPILER_GLOBAL_ACCENT_COLOR_NAME = AccentColor;
				CODE_SIGN_STYLE = Automatic;
				CURRENT_PROJECT_VERSION = 1;
				DEVELOPMENT_ASSET_PATHS = "\"iOS Meetup 2022-10-20/Preview Content\"";
				DEVELOPMENT_TEAM = H34A3H2Y54;
				ENABLE_PREVIEWS = YES;
				GENERATE_INFOPLIST_FILE = YES;
				INFOPLIST_KEY_UIApplicationSceneManifest_Generation = YES;
				INFOPLIST_KEY_UIApplicationSupportsIndirectInputEvents = YES;
				INFOPLIST_KEY_UILaunchScreen_Generation = YES;
				INFOPLIST_KEY_UISupportedInterfaceOrientations_iPad = "UIInterfaceOrientationPortrait UIInterfaceOrientationPortraitUpsideDown UIInterfaceOrientationLandscapeLeft UIInterfaceOrientationLandscapeRight";
				INFOPLIST_KEY_UISupportedInterfaceOrientations_iPhone = "UIInterfaceOrientationPortrait UIInterfaceOrientationLandscapeLeft UIInterfaceOrientationLandscapeRight";
				LD_RUNPATH_SEARCH_PATHS = (
					"$(inherited)",
					"@executable_path/Frameworks",
				);
				MARKETING_VERSION = 1.0;
				PRODUCT_BUNDLE_IDENTIFIER = "com.chatwork.iOS-Meetup-2022-10-20";
				PRODUCT_NAME = "$(TARGET_NAME)";
				SWIFT_EMIT_LOC_STRINGS = YES;
				SWIFT_VERSION = 5.0;
				TARGETED_DEVICE_FAMILY = "1,2";
			};
			name = Release;
		};
/* End XCBuildConfiguration section */

/* Begin XCConfigurationList section */
		672A493628F6A70700516FAD /* Build configuration list for PBXProject "iOS Meetup 2022-10-20" */ = {
			isa = XCConfigurationList;
			buildConfigurations = (
				672A494728F6A71000516FAD /* Debug */,
				672A494828F6A71000516FAD /* Release */,
			);
			defaultConfigurationIsVisible = 0;
			defaultConfigurationName = Release;
		};
		672A494928F6A71000516FAD /* Build configuration list for PBXNativeTarget "iOS Meetup 2022-10-20" */ = {
			isa = XCConfigurationList;
			buildConfigurations = (
				672A494A28F6A71000516FAD /* Debug */,
				672A494B28F6A71000516FAD /* Release */,
			);
			defaultConfigurationIsVisible = 0;
			defaultConfigurationName = Release;
		};
/* End XCConfigurationList section */
	};
	rootObject = 672A493328F6A70700516FAD /* Project object */;
}
